
Microsoft Visual Studio Solution File, Format Version 12.00
# Visual Studio 15
VisualStudioVersion = 15.0.26124.0
MinimumVisualStudioVersion = 15.0.26124.0
Project("{FAE04EC0-301F-11D3-BF4B-00C04F79EFBC}") = "API", "API\API.csproj", "{2CB8BFAA-EBF6-41B8-866E-B504E2BCFC21}"
EndProject
Project("{FAE04EC0-301F-11D3-BF4B-00C04F79EFBC}") = "Core", "Core\Core.csproj", "{0C3585DF-1FE0-45FC-99D6-B845E32F5C16}"
EndProject
Project("{FAE04EC0-301F-11D3-BF4B-00C04F79EFBC}") = "Infrastructure", "Infrastructure\Infrastructure.csproj", "{8588AFAB-078D-4160-A2C2-DDD80522F830}"
EndProject
Global
	GlobalSection(SolutionConfigurationPlatforms) = preSolution
		Debug|Any CPU = Debug|Any CPU
		Debug|x64 = Debug|x64
		Debug|x86 = Debug|x86
		Release|Any CPU = Release|Any CPU
		Release|x64 = Release|x64
		Release|x86 = Release|x86
	EndGlobalSection
	GlobalSection(SolutionProperties) = preSolution
		HideSolutionNode = FALSE
	EndGlobalSection
	GlobalSection(ProjectConfigurationPlatforms) = postSolution
		{2CB8BFAA-EBF6-41B8-866E-B504E2BCFC21}.Debug|Any CPU.ActiveCfg = Debug|Any CPU
		{2CB8BFAA-EBF6-41B8-866E-B504E2BCFC21}.Debug|Any CPU.Build.0 = Debug|Any CPU
		{2CB8BFAA-EBF6-41B8-866E-B504E2BCFC21}.Debug|x64.ActiveCfg = Debug|Any CPU
		{2CB8BFAA-EBF6-41B8-866E-B504E2BCFC21}.Debug|x64.Build.0 = Debug|Any CPU
		{2CB8BFAA-EBF6-41B8-866E-B504E2BCFC21}.Debug|x86.ActiveCfg = Debug|Any CPU
		{2CB8BFAA-EBF6-41B8-866E-B504E2BCFC21}.Debug|x86.Build.0 = Debug|Any CPU
		{2CB8BFAA-EBF6-41B8-866E-B504E2BCFC21}.Release|Any CPU.ActiveCfg = Release|Any CPU
		{2CB8BFAA-EBF6-41B8-866E-B504E2BCFC21}.Release|Any CPU.Build.0 = Release|Any CPU
		{2CB8BFAA-EBF6-41B8-866E-B504E2BCFC21}.Release|x64.ActiveCfg = Release|Any CPU
		{2CB8BFAA-EBF6-41B8-866E-B504E2BCFC21}.Release|x64.Build.0 = Release|Any CPU
		{2CB8BFAA-EBF6-41B8-866E-B504E2BCFC21}.Release|x86.ActiveCfg = Release|Any CPU
		{2CB8BFAA-EBF6-41B8-866E-B504E2BCFC21}.Release|x86.Build.0 = Release|Any CPU
		{0C3585DF-1FE0-45FC-99D6-B845E32F5C16}.Debug|Any CPU.ActiveCfg = Debug|Any CPU
		{0C3585DF-1FE0-45FC-99D6-B845E32F5C16}.Debug|Any CPU.Build.0 = Debug|Any CPU
		{0C3585DF-1FE0-45FC-99D6-B845E32F5C16}.Debug|x64.ActiveCfg = Debug|Any CPU
		{0C3585DF-1FE0-45FC-99D6-B845E32F5C16}.Debug|x64.Build.0 = Debug|Any CPU
		{0C3585DF-1FE0-45FC-99D6-B845E32F5C16}.Debug|x86.ActiveCfg = Debug|Any CPU
		{0C3585DF-1FE0-45FC-99D6-B845E32F5C16}.Debug|x86.Build.0 = Debug|Any CPU
		{0C3585DF-1FE0-45FC-99D6-B845E32F5C16}.Release|Any CPU.ActiveCfg = Release|Any CPU
		{0C3585DF-1FE0-45FC-99D6-B845E32F5C16}.Release|Any CPU.Build.0 = Release|Any CPU
		{0C3585DF-1FE0-45FC-99D6-B845E32F5C16}.Release|x64.ActiveCfg = Release|Any CPU
		{0C3585DF-1FE0-45FC-99D6-B845E32F5C16}.Release|x64.Build.0 = Release|Any CPU
		{0C3585DF-1FE0-45FC-99D6-B845E32F5C16}.Release|x86.ActiveCfg = Release|Any CPU
		{0C3585DF-1FE0-45FC-99D6-B845E32F5C16}.Release|x86.Build.0 = Release|Any CPU
		{8588AFAB-078D-4160-A2C2-DDD80522F830}.Debug|Any CPU.ActiveCfg = Debug|Any CPU
		{8588AFAB-078D-4160-A2C2-DDD80522F830}.Debug|Any CPU.Build.0 = Debug|Any CPU
		{8588AFAB-078D-4160-A2C2-DDD80522F830}.Debug|x64.ActiveCfg = Debug|Any CPU
		{8588AFAB-078D-4160-A2C2-DDD80522F830}.Debug|x64.Build.0 = Debug|Any CPU
		{8588AFAB-078D-4160-A2C2-DDD80522F830}.Debug|x86.ActiveCfg = Debug|Any CPU
		{8588AFAB-078D-4160-A2C2-DDD80522F830}.Debug|x86.Build.0 = Debug|Any CPU
		{8588AFAB-078D-4160-A2C2-DDD80522F830}.Release|Any CPU.ActiveCfg = Release|Any CPU
		{8588AFAB-078D-4160-A2C2-DDD80522F830}.Release|Any CPU.Build.0 = Release|Any CPU
		{8588AFAB-078D-4160-A2C2-DDD80522F830}.Release|x64.ActiveCfg = Release|Any CPU
		{8588AFAB-078D-4160-A2C2-DDD80522F830}.Release|x64.Build.0 = Release|Any CPU
		{8588AFAB-078D-4160-A2C2-DDD80522F830}.Release|x86.ActiveCfg = Release|Any CPU
		{8588AFAB-078D-4160-A2C2-DDD80522F830}.Release|x86.Build.0 = Release|Any CPU
	EndGlobalSection
EndGlobal
